
Microsoft Visual Studio Solution File, Format Version 12.00
# Visual Studio Version 16
VisualStudioVersion = 16.0.29306.81
MinimumVisualStudioVersion = 10.0.40219.1
Project("{8BC9CEB8-8B4A-11D0-8D11-00A0C91BC942}") = "2019-09-21", "2019-09-21\2019-09-21.vcxproj", "{DA7B6F6E-5AD3-466A-994E-2D43711C9717}"
EndProject
Global
	GlobalSection(SolutionConfigurationPlatforms) = preSolution
		Debug|x64 = Debug|x64
		Debug|x86 = Debug|x86
		Release|x64 = Release|x64
		Release|x86 = Release|x86
	EndGlobalSection
	GlobalSection(ProjectConfigurationPlatforms) = postSolution
		{DA7B6F6E-5AD3-466A-994E-2D43711C9717}.Debug|x64.ActiveCfg = Debug|x64
		{DA7B6F6E-5AD3-466A-994E-2D43711C9717}.Debug|x64.Build.0 = Debug|x64
		{DA7B6F6E-5AD3-466A-994E-2D43711C9717}.Debug|x86.ActiveCfg = Debug|Win32
		{DA7B6F6E-5AD3-466A-994E-2D43711C9717}.Debug|x86.Build.0 = Debug|Win32
		{DA7B6F6E-5AD3-466A-994E-2D43711C9717}.Release|x64.ActiveCfg = Release|x64
		{DA7B6F6E-5AD3-466A-994E-2D43711C9717}.Release|x64.Build.0 = Release|x64
		{DA7B6F6E-5AD3-466A-994E-2D43711C9717}.Release|x86.ActiveCfg = Release|Win32
		{DA7B6F6E-5AD3-466A-994E-2D43711C9717}.Release|x86.Build.0 = Release|Win32
	EndGlobalSection
	GlobalSection(SolutionProperties) = preSolution
		HideSolutionNode = FALSE
	EndGlobalSection
	GlobalSection(ExtensibilityGlobals) = postSolution
		SolutionGuid = {57643CBA-C3BC-413C-A082-5A6DD689B2CF}
	EndGlobalSection
EndGlobal
